{
  "requires": true,
  "lockfileVersion": 1,
  "dependencies": {
    "live2d-widget-model-wanko": {
      "version": "1.0.5",
      "resolved": "https://registry.npmjs.org/live2d-widget-model-wanko/-/live2d-widget-model-wanko-1.0.5.tgz",
      "integrity": "sha512-ej3XMEeQ0UPQ1Iz+W0XKOuHEKEE9Vs929APuHKOZO7xJmLIKZzd5cbsoq56z1L7g8DNCVStx6Lb9ZubRAao2jw=="
    }
  }
}
